{
  "name": "jslt-js",
  "version": "0.1.8",
  "lockfileVersion": 3,
  "requires": true,
  "packages": {
    "": {
      "name": "jslt-js",
      "version": "0.1.8",
      "license": "Apache-2.0",
      "bin": {
        "jslt": "src/cli.js"
      },
      "devDependencies": {
        "js-yaml": "^4.1.0",
        "jslt-node": "^0.0.6"
      },
      "engines": {
        "node": ">=18"
      }
    },
    "node_modules/argparse": {
      "version": "2.0.1",
      "resolved": "https://registry.npmjs.org/argparse/-/argparse-2.0.1.tgz",
      "integrity": "sha512-8+9WqebbFzpX9OR+Wa6O29asIogeRMzcGtAINdpMHHyAg10f05aSFVBbcEqGf/PXw1EjAZ+q2/bEBg3DvurK3Q==",
      "dev": true,
      "license": "Python-2.0"
    },
    "node_modules/detect-libc": {
      "version": "2.1.2",
      "resolved": "https://registry.npmjs.org/detect-libc/-/detect-libc-2.1.2.tgz",
      "integrity": "sha512-Btj2BOOO83o3WyH59e8MgXsxEQVcarkUOpEYrubB0urwnN10yQ364rsiByU11nZlqWYZm05i/of7io4mzihBtQ==",
      "dev": true,
      "license": "Apache-2.0",
      "engines": {
        "node": ">=8"
      }
    },
    "node_modules/js-yaml": {
      "version": "4.3.0",
      "resolved": "https://registry.npmjs.org/js-yaml/-/js-yaml-4.3.0.tgz",
      "integrity": "sha512-1td788aAnnZ5qs7V2QIRl1owjtYpbKt749Y3xauqQgwIIGF/xXWz1wMTEBx5O3LK3lXLVuqXPdPxj2BoFHaW9Q==",
      "dev": true,
      "funding": [
        {
          "type": "github",
          "url": "https://github.com/sponsors/puzrin"
        },
        {
          "type": "github",
          "url": "https://github.com/sponsors/nodeca"
        }
      ],
      "license": "MIT",
      "dependencies": {
        "argparse": "^2.0.1"
      },
      "bin": {
        "js-yaml": "bin/js-yaml.js"
      }
    },
    "node_modules/jslt-node": {
      "version": "0.0.6",
      "resolved": "https://registry.npmjs.org/jslt-node/-/jslt-node-0.0.6.tgz",
      "integrity": "sha512-4+lJ6SiBC4t7pLyOL6qaZ+JJNxLGE+FSfxH0/WbEq/xFnZtbDGepAf2H7mqzCYjPLACPEQuagNBgbFTmuxKQyg==",
      "dev": true,
      "hasInstallScript": true,
      "dependencies": {
        "detect-libc": "^2.0.4"
      },
      "optionalDependencies": {
        "jslt-node-darwin-arm64": "0.0.5",
        "jslt-node-darwin-x64": "0.0.5",
        "jslt-node-linux-arm64": "0.0.5",
        "jslt-node-linux-x64": "0.0.5",
        "jslt-node-linuxmusl-arm64": "0.0.5",
        "jslt-node-linuxmusl-x64": "0.0.5",
        "jslt-node-win32-x64": "0.0.5"
      }
    },
    "node_modules/jslt-node-darwin-arm64": {
      "version": "0.0.5",
      "resolved": "https://registry.npmjs.org/jslt-node-darwin-arm64/-/jslt-node-darwin-arm64-0.0.5.tgz",
      "integrity": "sha512-Dw3eQXAWaAEKnPpeHSfsgAMMm5Vhwr6TgpjXMdKKZMGFvICvfLwND7gaUEqjqgsoQWUlcwe45rQwVA2HrwHRpQ==",
      "cpu": [
        "arm64"
      ],
      "dev": true,
      "optional": true,
      "os": [
        "darwin"
      ]
    },
    "node_modules/jslt-node-darwin-x64": {
      "version": "0.0.5",
      "resolved": "https://registry.npmjs.org/jslt-node-darwin-x64/-/jslt-node-darwin-x64-0.0.5.tgz",
      "integrity": "sha512-zrpJ54QIdirYQxFMBx2MRaGSUMpYHq1WYb/3iN7WdTAthSbjAza4/VBYxSc32MNleN8BliehCayGl+XzM2rlJw==",
      "cpu": [
        "x64"
      ],
      "dev": true,
      "optional": true,
      "os": [
        "darwin"
      ]
    },
    "node_modules/jslt-node-linux-arm64": {
      "version": "0.0.5",
      "resolved": "https://registry.npmjs.org/jslt-node-linux-arm64/-/jslt-node-linux-arm64-0.0.5.tgz",
      "integrity": "sha512-YxfPQmjgXy9Z4qqWk/kT1agHz29QYmBH9bj7ehUr63OnGiEhNaXds53KmjQU3qsoIo+OSD7eIXlcx+50qpBJuA==",
      "cpu": [
        "arm64"
      ],
      "dev": true,
      "optional": true,
      "os": [
        "linux"
      ]
    },
    "node_modules/jslt-node-linux-x64": {
      "version": "0.0.5",
      "resolved": "https://registry.npmjs.org/jslt-node-linux-x64/-/jslt-node-linux-x64-0.0.5.tgz",
      "integrity": "sha512-kmbPBpRv1CRsHKOU7TZiCUI5br7Yn3sE+XzQGRG1FrL0ilfR9QPWNmgJcQ9M7PMwvdlq1csFL9UJpo1p03HvUg==",
      "cpu": [
        "x64"
      ],
      "dev": true,
      "optional": true,
      "os": [
        "linux"
      ]
    },
    "node_modules/jslt-node-linuxmusl-arm64": {
      "version": "0.0.5",
      "resolved": "https://registry.npmjs.org/jslt-node-linuxmusl-arm64/-/jslt-node-linuxmusl-arm64-0.0.5.tgz",
      "integrity": "sha512-0aXhAaspqII42cZFvWNgq11TjarLIFcmjaG75oivT4CzFG8Xcwja8Z0NgL+36/lkkkjxsQWfvB3uH6DnkhBumQ==",
      "cpu": [
        "arm64"
      ],
      "dev": true,
      "optional": true,
      "os": [
        "linux"
      ]
    },
    "node_modules/jslt-node-linuxmusl-x64": {
      "version": "0.0.5",
      "resolved": "https://registry.npmjs.org/jslt-node-linuxmusl-x64/-/jslt-node-linuxmusl-x64-0.0.5.tgz",
      "integrity": "sha512-1U0sPVAYd1HK5JE/bi0JEZjV5OkJhISsXk9lKlJK2tiyeEz8cjiNiwPVAYLBo2kg6HiLmQQmC7sgncaouRhh5g==",
      "cpu": [
        "x64"
      ],
      "dev": true,
      "optional": true,
      "os": [
        "linux"
      ]
    },
    "node_modules/jslt-node-win32-x64": {
      "version": "0.0.5",
      "resolved": "https://registry.npmjs.org/jslt-node-win32-x64/-/jslt-node-win32-x64-0.0.5.tgz",
      "integrity": "sha512-ZfwgxuPbHcDd5NR/0be/n+CzupApEFpeEnF1cvZXB+AjJ/0Q9ZW0kCrfjAe5WM8IO7Vrk8Crr5iRbRGEFNumBA==",
      "cpu": [
        "x64"
      ],
      "dev": true,
      "optional": true,
      "os": [
        "win32"
      ]
    }
  }
}
